
Microsoft Visual Studio Solution File, Format Version 11.00
# Visual Studio 2010
# SharpDevelop 4.4
Project("{FD48973F-F585-4F70-812B-4D0503B36CE9}") = "pg 119 FN", "pg 119 FN\pg 119 FN.pyproj", "{2176C612-EF39-4A40-85A8-BF43B10FC25D}"
EndProject
Global
	GlobalSection(SolutionConfigurationPlatforms) = preSolution
		Debug|Any CPU = Debug|Any CPU
		Release|Any CPU = Release|Any CPU
	EndGlobalSection
	GlobalSection(ProjectConfigurationPlatforms) = postSolution
		{2176C612-EF39-4A40-85A8-BF43B10FC25D}.Debug|Any CPU.Build.0 = Debug|Any CPU
		{2176C612-EF39-4A40-85A8-BF43B10FC25D}.Debug|Any CPU.ActiveCfg = Debug|Any CPU
		{2176C612-EF39-4A40-85A8-BF43B10FC25D}.Release|Any CPU.Build.0 = Release|Any CPU
		{2176C612-EF39-4A40-85A8-BF43B10FC25D}.Release|Any CPU.ActiveCfg = Release|Any CPU
	EndGlobalSection
EndGlobal
