
Microsoft Visual Studio Solution File, Format Version 11.00
# Visual Studio 2010
# SharpDevelop 4.4
Project("{FD48973F-F585-4F70-812B-4D0503B36CE9}") = "prog 88", "prog 88\prog 88.pyproj", "{BF655BAE-0ECF-43B4-BF81-A9CAA54329FC}"
EndProject
Global
	GlobalSection(SolutionConfigurationPlatforms) = preSolution
		Debug|Any CPU = Debug|Any CPU
		Release|Any CPU = Release|Any CPU
	EndGlobalSection
	GlobalSection(ProjectConfigurationPlatforms) = postSolution
		{BF655BAE-0ECF-43B4-BF81-A9CAA54329FC}.Debug|Any CPU.Build.0 = Debug|Any CPU
		{BF655BAE-0ECF-43B4-BF81-A9CAA54329FC}.Debug|Any CPU.ActiveCfg = Debug|Any CPU
		{BF655BAE-0ECF-43B4-BF81-A9CAA54329FC}.Release|Any CPU.Build.0 = Release|Any CPU
		{BF655BAE-0ECF-43B4-BF81-A9CAA54329FC}.Release|Any CPU.ActiveCfg = Release|Any CPU
	EndGlobalSection
EndGlobal
