
Microsoft Visual Studio Solution File, Format Version 11.00
# Visual Studio 2010
# SharpDevelop 4.4
Project("{FD48973F-F585-4F70-812B-4D0503B36CE9}") = "prog 65h", "prog 65h\prog 65h.pyproj", "{75B5068B-8F28-4AF6-A021-EBE4AE06CD3C}"
EndProject
Global
	GlobalSection(SolutionConfigurationPlatforms) = preSolution
		Debug|Any CPU = Debug|Any CPU
		Release|Any CPU = Release|Any CPU
	EndGlobalSection
	GlobalSection(ProjectConfigurationPlatforms) = postSolution
		{75B5068B-8F28-4AF6-A021-EBE4AE06CD3C}.Debug|Any CPU.Build.0 = Debug|Any CPU
		{75B5068B-8F28-4AF6-A021-EBE4AE06CD3C}.Debug|Any CPU.ActiveCfg = Debug|Any CPU
		{75B5068B-8F28-4AF6-A021-EBE4AE06CD3C}.Release|Any CPU.Build.0 = Release|Any CPU
		{75B5068B-8F28-4AF6-A021-EBE4AE06CD3C}.Release|Any CPU.ActiveCfg = Release|Any CPU
	EndGlobalSection
EndGlobal
