
Microsoft Visual Studio Solution File, Format Version 11.00
# Visual Studio 2010
# SharpDevelop 4.4
Project("{FD48973F-F585-4F70-812B-4D0503B36CE9}") = "prog88", "prog88\prog88.pyproj", "{C7F59030-B657-44D3-97E8-D677AF881ADD}"
EndProject
Global
	GlobalSection(SolutionConfigurationPlatforms) = preSolution
		Debug|Any CPU = Debug|Any CPU
		Release|Any CPU = Release|Any CPU
	EndGlobalSection
	GlobalSection(ProjectConfigurationPlatforms) = postSolution
		{C7F59030-B657-44D3-97E8-D677AF881ADD}.Debug|Any CPU.Build.0 = Debug|Any CPU
		{C7F59030-B657-44D3-97E8-D677AF881ADD}.Debug|Any CPU.ActiveCfg = Debug|Any CPU
		{C7F59030-B657-44D3-97E8-D677AF881ADD}.Release|Any CPU.Build.0 = Release|Any CPU
		{C7F59030-B657-44D3-97E8-D677AF881ADD}.Release|Any CPU.ActiveCfg = Release|Any CPU
	EndGlobalSection
EndGlobal
