
Microsoft Visual Studio Solution File, Format Version 11.00
# Visual Studio 2010
# SharpDevelop 4.4
Project("{FD48973F-F585-4F70-812B-4D0503B36CE9}") = "prog 122c", "prog 122c\prog 122c.pyproj", "{6FEAEF0D-23EB-4CB5-9355-5D1D9EAC87A0}"
EndProject
Global
	GlobalSection(SolutionConfigurationPlatforms) = preSolution
		Debug|Any CPU = Debug|Any CPU
		Release|Any CPU = Release|Any CPU
	EndGlobalSection
	GlobalSection(ProjectConfigurationPlatforms) = postSolution
		{6FEAEF0D-23EB-4CB5-9355-5D1D9EAC87A0}.Debug|Any CPU.Build.0 = Debug|Any CPU
		{6FEAEF0D-23EB-4CB5-9355-5D1D9EAC87A0}.Debug|Any CPU.ActiveCfg = Debug|Any CPU
		{6FEAEF0D-23EB-4CB5-9355-5D1D9EAC87A0}.Release|Any CPU.Build.0 = Release|Any CPU
		{6FEAEF0D-23EB-4CB5-9355-5D1D9EAC87A0}.Release|Any CPU.ActiveCfg = Release|Any CPU
	EndGlobalSection
EndGlobal
