
Microsoft Visual Studio Solution File, Format Version 11.00
# Visual Studio 2010
# SharpDevelop 4.4
Project("{FD48973F-F585-4F70-812B-4D0503B36CE9}") = "prog140simpleCalc", "prog140simpleCalc\prog140simpleCalc.pyproj", "{171028E9-7673-4193-B507-EEDAD2BDD8EF}"
EndProject
Global
	GlobalSection(SolutionConfigurationPlatforms) = preSolution
		Debug|Any CPU = Debug|Any CPU
		Release|Any CPU = Release|Any CPU
	EndGlobalSection
	GlobalSection(ProjectConfigurationPlatforms) = postSolution
		{171028E9-7673-4193-B507-EEDAD2BDD8EF}.Debug|Any CPU.Build.0 = Debug|Any CPU
		{171028E9-7673-4193-B507-EEDAD2BDD8EF}.Debug|Any CPU.ActiveCfg = Debug|Any CPU
		{171028E9-7673-4193-B507-EEDAD2BDD8EF}.Release|Any CPU.Build.0 = Release|Any CPU
		{171028E9-7673-4193-B507-EEDAD2BDD8EF}.Release|Any CPU.ActiveCfg = Release|Any CPU
	EndGlobalSection
EndGlobal
